<?xml version="1.0" encoding="UTF-8" standalone="yes" ?>
<CodeBlocks_project_file>
	<FileVersion major="1" minor="5" />
	<Project>
		<Option title="rbutil" />
		<Option pch_mode="0" />
		<Option default_target="" />
		<Option compiler="gcc" />
		<Option virtualFolders="" />
		<Build>
			<Target title="default">
				<Option output="rbutil.exe" prefix_auto="0" extension_auto="0" />
				<Option type="0" />
				<Option compiler="gcc" />
				<Option projectResourceIncludeDirsRelation="0" />
			</Target>
			<Environment>
				<Variable name="WX_CFG" value="" />
			</Environment>
		</Build>
		<VirtualTargets>
			<Add alias="All" targets="default;" />
		</VirtualTargets>
		<Compiler>
			<Add option="-W" />
			<Add option="-g" />
			<Add option="-pipe" />
			<Add option="-mthreads" />
			<Add option="-Winvalid-pch" />
			<Add option='-include &quot;wx_pch.h&quot;' />
			<Add option="-D__GNUWIN32__" />
			<Add option="-D__WXMSW__" />
			<Add option="-DUSE_PCH" />
			<Add directory="$(#WX.include)" />
			<Add directory="$(#WX.lib)\gcc_lib$(WX_CFG)\msw" />
			<Add directory="$(#WX)\contrib\include" />
		</Compiler>
		<ResourceCompiler>
			<Add directory="$(#WX.include)" />
		</ResourceCompiler>
		<Linker>
			<Add library="wxmsw27" />
			<Add library="winspool" />
			<Add library="winmm" />
			<Add library="shell32" />
			<Add library="comctl32" />
			<Add library="ctl3d32" />
			<Add library="odbc32" />
			<Add library="advapi32" />
			<Add library="wsock32" />
			<Add library="opengl32" />
			<Add library="glu32" />
			<Add library="ole32" />
			<Add library="oleaut32" />
			<Add library="uuid" />
			<Add library="libwxzlib" />
			<Add directory="$(#WX.lib)\gcc_lib$(WX_CFG)" />
			<Add directory="$(#WX.lib)" />
		</Linker>
		<ExtraCommands>
			<Add after="upx --best --compress-icons=0  rbutil.exe" />
		</ExtraCommands>
		<Unit filename="archos.ico">
			<Option compilerVar="CPP" />
			<Option compile="0" />
			<Option link="0" />
			<Option target="default" />
		</Unit>
		<Unit filename="copying.txt">
			<Option compilerVar="CPP" />
			<Option compile="0" />
			<Option link="0" />
			<Option target="default" />
		</Unit>
		<Unit filename="credits.h">
			<Option compilerVar="CPP" />
			<Option compile="0" />
			<Option link="0" />
		</Unit>
		<Unit filename="fonts_3d.xpm">
			<Option compilerVar="CPP" />
			<Option compile="0" />
			<Option link="0" />
			<Option target="default" />
		</Unit>
		<Unit filename="install_3d.xpm">
			<Option compilerVar="CPP" />
			<Option compile="0" />
			<Option link="0" />
			<Option target="default" />
		</Unit>
		<Unit filename="rblogo.xpm">
			<Option compilerVar="CPP" />
			<Option compile="0" />
			<Option link="0" />
			<Option target="default" />
		</Unit>
		<Unit filename="rbutil-rc.rc">
			<Option compilerVar="WINDRES" />
			<Option objectName="rbutil-rc.res" />
			<Option target="default" />
		</Unit>
		<Unit filename="rbutil.cpp">
			<Option compilerVar="CPP" />
			<Option target="default" />
		</Unit>
		<Unit filename="rbutil.exe.Manifest">
			<Option compilerVar="CPP" />
			<Option compile="0" />
			<Option link="0" />
			<Option target="default" />
		</Unit>
		<Unit filename="rbutil.h">
			<Option compilerVar="CPP" />
			<Option compile="0" />
			<Option link="0" />
			<Option target="default" />
		</Unit>
		<Unit filename="rbutil.ini">
			<Option compilerVar="CPP" />
			<Option compile="0" />
			<Option link="0" />
			<Option target="default" />
		</Unit>
		<Unit filename="rbutil.iss">
			<Option compilerVar="CPP" />
			<Option compile="0" />
			<Option link="0" />
			<Option target="default" />
		</Unit>
		<Unit filename="rbutilApp.cpp">
			<Option compilerVar="CPP" />
			<Option target="default" />
		</Unit>
		<Unit filename="rbutilApp.h">
			<Option compilerVar="CPP" />
			<Option compile="0" />
			<Option link="0" />
			<Option target="default" />
		</Unit>
		<Unit filename="rbutilFrm.cpp">
			<Option compilerVar="CPP" />
			<Option target="default" />
		</Unit>
		<Unit filename="rbutilFrm.h">
			<Option compilerVar="CPP" />
			<Option compile="0" />
			<Option link="0" />
			<Option target="default" />
		</Unit>
		<Unit filename="rbutilFrm_XPM.xpm">
			<Option compilerVar="CPP" />
			<Option compile="0" />
			<Option link="0" />
			<Option target="default" />
		</Unit>
		<Unit filename="uninstall_3d.xpm">
			<Option compilerVar="CPP" />
			<Option compile="0" />
			<Option link="0" />
			<Option target="default" />
		</Unit>
		<Unit filename="wizard.xpm">
			<Option compilerVar="CPP" />
			<Option compile="0" />
			<Option link="0" />
			<Option target="default" />
		</Unit>
		<Unit filename="wizard_pages.cpp">
			<Option compilerVar="CPP" />
			<Option target="default" />
		</Unit>
		<Unit filename="wizard_pages.h">
			<Option compilerVar="CPP" />
			<Option compile="0" />
			<Option link="0" />
			<Option target="default" />
		</Unit>
		<Extensions />
	</Project>
</CodeBlocks_project_file>